
Microsoft Visual Studio Solution File, Format Version 12.00
# Visual Studio Version 17
VisualStudioVersion = 17.4.33122.133
MinimumVisualStudioVersion = 10.0.40219.1
Project("{FAE04EC0-301F-11D3-BF4B-00C04F79EFBC}") = "Enums", "Enums\Enums.csproj", "{ABFC346E-FDEC-4353-A2C9-C91F151F1B8C}"
EndProject
Project("{FAE04EC0-301F-11D3-BF4B-00C04F79EFBC}") = "Core", "Core\Core.csproj", "{AD51CF27-2B64-4C43-B52B-6C0209627CDA}"
EndProject
Project("{FAE04EC0-301F-11D3-BF4B-00C04F79EFBC}") = "Exceptions", "Exceptions\Exceptions.csproj", "{0956163D-DAFD-4F52-B367-60D964472654}"
EndProject
Global
	GlobalSection(SolutionConfigurationPlatforms) = preSolution
		Debug|Any CPU = Debug|Any CPU
		Release|Any CPU = Release|Any CPU
	EndGlobalSection
	GlobalSection(ProjectConfigurationPlatforms) = postSolution
		{ABFC346E-FDEC-4353-A2C9-C91F151F1B8C}.Debug|Any CPU.ActiveCfg = Debug|Any CPU
		{ABFC346E-FDEC-4353-A2C9-C91F151F1B8C}.Debug|Any CPU.Build.0 = Debug|Any CPU
		{ABFC346E-FDEC-4353-A2C9-C91F151F1B8C}.Release|Any CPU.ActiveCfg = Release|Any CPU
		{ABFC346E-FDEC-4353-A2C9-C91F151F1B8C}.Release|Any CPU.Build.0 = Release|Any CPU
		{AD51CF27-2B64-4C43-B52B-6C0209627CDA}.Debug|Any CPU.ActiveCfg = Debug|Any CPU
		{AD51CF27-2B64-4C43-B52B-6C0209627CDA}.Debug|Any CPU.Build.0 = Debug|Any CPU
		{AD51CF27-2B64-4C43-B52B-6C0209627CDA}.Release|Any CPU.ActiveCfg = Release|Any CPU
		{AD51CF27-2B64-4C43-B52B-6C0209627CDA}.Release|Any CPU.Build.0 = Release|Any CPU
		{0956163D-DAFD-4F52-B367-60D964472654}.Debug|Any CPU.ActiveCfg = Debug|Any CPU
		{0956163D-DAFD-4F52-B367-60D964472654}.Debug|Any CPU.Build.0 = Debug|Any CPU
		{0956163D-DAFD-4F52-B367-60D964472654}.Release|Any CPU.ActiveCfg = Release|Any CPU
		{0956163D-DAFD-4F52-B367-60D964472654}.Release|Any CPU.Build.0 = Release|Any CPU
	EndGlobalSection
	GlobalSection(SolutionProperties) = preSolution
		HideSolutionNode = FALSE
	EndGlobalSection
	GlobalSection(ExtensibilityGlobals) = postSolution
		SolutionGuid = {A5CB67A2-8EE2-4DFB-AE79-B62662EA553F}
	EndGlobalSection
EndGlobal
