
Microsoft Visual Studio Solution File, Format Version 12.00
# Visual Studio Version 17
VisualStudioVersion = 17.4.33122.133
MinimumVisualStudioVersion = 10.0.40219.1
Project("{FAE04EC0-301F-11D3-BF4B-00C04F79EFBC}") = "Class_Encapsulation", "Class_Encapsulation\Class_Encapsulation.csproj", "{48F6F1BB-68A1-438B-BD8C-D076C9328D76}"
EndProject
Global
	GlobalSection(SolutionConfigurationPlatforms) = preSolution
		Debug|Any CPU = Debug|Any CPU
		Release|Any CPU = Release|Any CPU
	EndGlobalSection
	GlobalSection(ProjectConfigurationPlatforms) = postSolution
		{48F6F1BB-68A1-438B-BD8C-D076C9328D76}.Debug|Any CPU.ActiveCfg = Debug|Any CPU
		{48F6F1BB-68A1-438B-BD8C-D076C9328D76}.Debug|Any CPU.Build.0 = Debug|Any CPU
		{48F6F1BB-68A1-438B-BD8C-D076C9328D76}.Release|Any CPU.ActiveCfg = Release|Any CPU
		{48F6F1BB-68A1-438B-BD8C-D076C9328D76}.Release|Any CPU.Build.0 = Release|Any CPU
	EndGlobalSection
	GlobalSection(SolutionProperties) = preSolution
		HideSolutionNode = FALSE
	EndGlobalSection
	GlobalSection(ExtensibilityGlobals) = postSolution
		SolutionGuid = {82B05505-AF83-4EC1-B31C-73E32293EA8C}
	EndGlobalSection
EndGlobal
