
Microsoft Visual Studio Solution File, Format Version 12.00
# Visual Studio Version 17
VisualStudioVersion = 17.4.33122.133
MinimumVisualStudioVersion = 10.0.40219.1
Project("{FAE04EC0-301F-11D3-BF4B-00C04F79EFBC}") = "CompilationProccess", "CompilationProccess\CompilationProccess.csproj", "{AEB2A112-21BA-4569-B857-65E7BF9B02DE}"
EndProject
Project("{FAE04EC0-301F-11D3-BF4B-00C04F79EFBC}") = "Methods", "Methods\Methods.csproj", "{A03D1C26-1248-4146-890E-A67B3E9D1DA6}"
EndProject
Global
	GlobalSection(SolutionConfigurationPlatforms) = preSolution
		Debug|Any CPU = Debug|Any CPU
		Release|Any CPU = Release|Any CPU
	EndGlobalSection
	GlobalSection(ProjectConfigurationPlatforms) = postSolution
		{AEB2A112-21BA-4569-B857-65E7BF9B02DE}.Debug|Any CPU.ActiveCfg = Debug|Any CPU
		{AEB2A112-21BA-4569-B857-65E7BF9B02DE}.Debug|Any CPU.Build.0 = Debug|Any CPU
		{AEB2A112-21BA-4569-B857-65E7BF9B02DE}.Release|Any CPU.ActiveCfg = Release|Any CPU
		{AEB2A112-21BA-4569-B857-65E7BF9B02DE}.Release|Any CPU.Build.0 = Release|Any CPU
		{A03D1C26-1248-4146-890E-A67B3E9D1DA6}.Debug|Any CPU.ActiveCfg = Debug|Any CPU
		{A03D1C26-1248-4146-890E-A67B3E9D1DA6}.Debug|Any CPU.Build.0 = Debug|Any CPU
		{A03D1C26-1248-4146-890E-A67B3E9D1DA6}.Release|Any CPU.ActiveCfg = Release|Any CPU
		{A03D1C26-1248-4146-890E-A67B3E9D1DA6}.Release|Any CPU.Build.0 = Release|Any CPU
	EndGlobalSection
	GlobalSection(SolutionProperties) = preSolution
		HideSolutionNode = FALSE
	EndGlobalSection
	GlobalSection(ExtensibilityGlobals) = postSolution
		SolutionGuid = {ED6A23D9-A544-4693-BA5F-7536AFCB443E}
	EndGlobalSection
EndGlobal
