
Microsoft Visual Studio Solution File, Format Version 12.00
# Visual Studio Version 17
VisualStudioVersion = 17.9.34728.123
MinimumVisualStudioVersion = 10.0.40219.1
Project("{FAE04EC0-301F-11D3-BF4B-00C04F79EFBC}") = "FirstApiProject", "FirstApiProject\FirstApiProject.csproj", "{8F61834C-A74C-4B52-9CAD-034DEEF36783}"
EndProject
Global
	GlobalSection(SolutionConfigurationPlatforms) = preSolution
		Debug|Any CPU = Debug|Any CPU
		Release|Any CPU = Release|Any CPU
	EndGlobalSection
	GlobalSection(ProjectConfigurationPlatforms) = postSolution
		{8F61834C-A74C-4B52-9CAD-034DEEF36783}.Debug|Any CPU.ActiveCfg = Debug|Any CPU
		{8F61834C-A74C-4B52-9CAD-034DEEF36783}.Debug|Any CPU.Build.0 = Debug|Any CPU
		{8F61834C-A74C-4B52-9CAD-034DEEF36783}.Release|Any CPU.ActiveCfg = Release|Any CPU
		{8F61834C-A74C-4B52-9CAD-034DEEF36783}.Release|Any CPU.Build.0 = Release|Any CPU
	EndGlobalSection
	GlobalSection(SolutionProperties) = preSolution
		HideSolutionNode = FALSE
	EndGlobalSection
	GlobalSection(ExtensibilityGlobals) = postSolution
		SolutionGuid = {2946FDCA-514E-45DC-9463-B98A290D2D13}
	EndGlobalSection
EndGlobal
