
Microsoft Visual Studio Solution File, Format Version 12.00
# Visual Studio Version 17
VisualStudioVersion = 17.4.33122.133
MinimumVisualStudioVersion = 10.0.40219.1
Project("{FAE04EC0-301F-11D3-BF4B-00C04F79EFBC}") = "ConditionsAndLoops", "ConditionsAndLoops\ConditionsAndLoops.csproj", "{FD3DF31B-81E2-4E71-8768-B635B3E11F3F}"
EndProject
Global
	GlobalSection(SolutionConfigurationPlatforms) = preSolution
		Debug|Any CPU = Debug|Any CPU
		Release|Any CPU = Release|Any CPU
	EndGlobalSection
	GlobalSection(ProjectConfigurationPlatforms) = postSolution
		{FD3DF31B-81E2-4E71-8768-B635B3E11F3F}.Debug|Any CPU.ActiveCfg = Debug|Any CPU
		{FD3DF31B-81E2-4E71-8768-B635B3E11F3F}.Debug|Any CPU.Build.0 = Debug|Any CPU
		{FD3DF31B-81E2-4E71-8768-B635B3E11F3F}.Release|Any CPU.ActiveCfg = Release|Any CPU
		{FD3DF31B-81E2-4E71-8768-B635B3E11F3F}.Release|Any CPU.Build.0 = Release|Any CPU
	EndGlobalSection
	GlobalSection(SolutionProperties) = preSolution
		HideSolutionNode = FALSE
	EndGlobalSection
	GlobalSection(ExtensibilityGlobals) = postSolution
		SolutionGuid = {3A23DDC7-C381-4E87-B5C4-1933B93227CF}
	EndGlobalSection
EndGlobal
