
Microsoft Visual Studio Solution File, Format Version 12.00
# Visual Studio Version 17
VisualStudioVersion = 17.4.33122.133
MinimumVisualStudioVersion = 10.0.40219.1
Project("{FAE04EC0-301F-11D3-BF4B-00C04F79EFBC}") = "Record_Tuple", "Record_Tuple\Record_Tuple.csproj", "{02598022-F052-4218-A930-16AFE14D3AD2}"
EndProject
Project("{FAE04EC0-301F-11D3-BF4B-00C04F79EFBC}") = "CSharp_Tuple", "CSharp_Tuple\CSharp_Tuple.csproj", "{9DBCED4D-577C-445A-BC17-4739C4389547}"
EndProject
Project("{FAE04EC0-301F-11D3-BF4B-00C04F79EFBC}") = "Polymorphysm", "Polymorphysm\Polymorphysm.csproj", "{677F3CA6-E044-4EFE-B65A-21E948D1ECFB}"
EndProject
Project("{FAE04EC0-301F-11D3-BF4B-00C04F79EFBC}") = "Abstractions", "Abstractions\Abstractions.csproj", "{93FBF300-2DCB-4C2D-8536-A494C5108BE6}"
EndProject
Project("{FAE04EC0-301F-11D3-BF4B-00C04F79EFBC}") = "ClassTask", "ClassTask\ClassTask.csproj", "{B3F0940F-F1F8-4823-A7EF-9CDD9220A46F}"
EndProject
Global
	GlobalSection(SolutionConfigurationPlatforms) = preSolution
		Debug|Any CPU = Debug|Any CPU
		Release|Any CPU = Release|Any CPU
	EndGlobalSection
	GlobalSection(ProjectConfigurationPlatforms) = postSolution
		{02598022-F052-4218-A930-16AFE14D3AD2}.Debug|Any CPU.ActiveCfg = Debug|Any CPU
		{02598022-F052-4218-A930-16AFE14D3AD2}.Debug|Any CPU.Build.0 = Debug|Any CPU
		{02598022-F052-4218-A930-16AFE14D3AD2}.Release|Any CPU.ActiveCfg = Release|Any CPU
		{02598022-F052-4218-A930-16AFE14D3AD2}.Release|Any CPU.Build.0 = Release|Any CPU
		{9DBCED4D-577C-445A-BC17-4739C4389547}.Debug|Any CPU.ActiveCfg = Debug|Any CPU
		{9DBCED4D-577C-445A-BC17-4739C4389547}.Debug|Any CPU.Build.0 = Debug|Any CPU
		{9DBCED4D-577C-445A-BC17-4739C4389547}.Release|Any CPU.ActiveCfg = Release|Any CPU
		{9DBCED4D-577C-445A-BC17-4739C4389547}.Release|Any CPU.Build.0 = Release|Any CPU
		{677F3CA6-E044-4EFE-B65A-21E948D1ECFB}.Debug|Any CPU.ActiveCfg = Debug|Any CPU
		{677F3CA6-E044-4EFE-B65A-21E948D1ECFB}.Debug|Any CPU.Build.0 = Debug|Any CPU
		{677F3CA6-E044-4EFE-B65A-21E948D1ECFB}.Release|Any CPU.ActiveCfg = Release|Any CPU
		{677F3CA6-E044-4EFE-B65A-21E948D1ECFB}.Release|Any CPU.Build.0 = Release|Any CPU
		{93FBF300-2DCB-4C2D-8536-A494C5108BE6}.Debug|Any CPU.ActiveCfg = Debug|Any CPU
		{93FBF300-2DCB-4C2D-8536-A494C5108BE6}.Debug|Any CPU.Build.0 = Debug|Any CPU
		{93FBF300-2DCB-4C2D-8536-A494C5108BE6}.Release|Any CPU.ActiveCfg = Release|Any CPU
		{93FBF300-2DCB-4C2D-8536-A494C5108BE6}.Release|Any CPU.Build.0 = Release|Any CPU
		{B3F0940F-F1F8-4823-A7EF-9CDD9220A46F}.Debug|Any CPU.ActiveCfg = Debug|Any CPU
		{B3F0940F-F1F8-4823-A7EF-9CDD9220A46F}.Debug|Any CPU.Build.0 = Debug|Any CPU
		{B3F0940F-F1F8-4823-A7EF-9CDD9220A46F}.Release|Any CPU.ActiveCfg = Release|Any CPU
		{B3F0940F-F1F8-4823-A7EF-9CDD9220A46F}.Release|Any CPU.Build.0 = Release|Any CPU
	EndGlobalSection
	GlobalSection(SolutionProperties) = preSolution
		HideSolutionNode = FALSE
	EndGlobalSection
	GlobalSection(ExtensibilityGlobals) = postSolution
		SolutionGuid = {D2C034BD-F211-42C4-AC9C-EE73B64CE05E}
	EndGlobalSection
EndGlobal
