
Microsoft Visual Studio Solution File, Format Version 12.00
# Visual Studio Version 17
VisualStudioVersion = 17.4.33122.133
MinimumVisualStudioVersion = 10.0.40219.1
Project("{FAE04EC0-301F-11D3-BF4B-00C04F79EFBC}") = "FileDirectory", "FileDirectory\FileDirectory.csproj", "{BB47B482-D9AD-4E05-A679-00E3480FF0D6}"
EndProject
Project("{FAE04EC0-301F-11D3-BF4B-00C04F79EFBC}") = "Serialization", "Serialization\Serialization.csproj", "{395AF133-5B48-4A32-9C3F-EDCB35E8CC1A}"
EndProject
Global
	GlobalSection(SolutionConfigurationPlatforms) = preSolution
		Debug|Any CPU = Debug|Any CPU
		Release|Any CPU = Release|Any CPU
	EndGlobalSection
	GlobalSection(ProjectConfigurationPlatforms) = postSolution
		{BB47B482-D9AD-4E05-A679-00E3480FF0D6}.Debug|Any CPU.ActiveCfg = Debug|Any CPU
		{BB47B482-D9AD-4E05-A679-00E3480FF0D6}.Debug|Any CPU.Build.0 = Debug|Any CPU
		{BB47B482-D9AD-4E05-A679-00E3480FF0D6}.Release|Any CPU.ActiveCfg = Release|Any CPU
		{BB47B482-D9AD-4E05-A679-00E3480FF0D6}.Release|Any CPU.Build.0 = Release|Any CPU
		{395AF133-5B48-4A32-9C3F-EDCB35E8CC1A}.Debug|Any CPU.ActiveCfg = Debug|Any CPU
		{395AF133-5B48-4A32-9C3F-EDCB35E8CC1A}.Debug|Any CPU.Build.0 = Debug|Any CPU
		{395AF133-5B48-4A32-9C3F-EDCB35E8CC1A}.Release|Any CPU.ActiveCfg = Release|Any CPU
		{395AF133-5B48-4A32-9C3F-EDCB35E8CC1A}.Release|Any CPU.Build.0 = Release|Any CPU
	EndGlobalSection
	GlobalSection(SolutionProperties) = preSolution
		HideSolutionNode = FALSE
	EndGlobalSection
	GlobalSection(ExtensibilityGlobals) = postSolution
		SolutionGuid = {3C9A0497-9777-4611-8146-9127E16683CA}
	EndGlobalSection
EndGlobal
