
Microsoft Visual Studio Solution File, Format Version 12.00
# Visual Studio Version 17
VisualStudioVersion = 17.9.34728.123
MinimumVisualStudioVersion = 10.0.40219.1
Project("{FAE04EC0-301F-11D3-BF4B-00C04F79EFBC}") = "CarTemplateMVC", "CarTemplateMVC\CarTemplateMVC.csproj", "{2887BD08-FF26-40E6-A4B4-E754211832D0}"
EndProject
Global
	GlobalSection(SolutionConfigurationPlatforms) = preSolution
		Debug|Any CPU = Debug|Any CPU
		Release|Any CPU = Release|Any CPU
	EndGlobalSection
	GlobalSection(ProjectConfigurationPlatforms) = postSolution
		{2887BD08-FF26-40E6-A4B4-E754211832D0}.Debug|Any CPU.ActiveCfg = Debug|Any CPU
		{2887BD08-FF26-40E6-A4B4-E754211832D0}.Debug|Any CPU.Build.0 = Debug|Any CPU
		{2887BD08-FF26-40E6-A4B4-E754211832D0}.Release|Any CPU.ActiveCfg = Release|Any CPU
		{2887BD08-FF26-40E6-A4B4-E754211832D0}.Release|Any CPU.Build.0 = Release|Any CPU
	EndGlobalSection
	GlobalSection(SolutionProperties) = preSolution
		HideSolutionNode = FALSE
	EndGlobalSection
	GlobalSection(ExtensibilityGlobals) = postSolution
		SolutionGuid = {AE7BB002-18C9-4011-B894-708334BE2E5B}
	EndGlobalSection
EndGlobal
